
Microsoft Visual Studio Solution File, Format Version 12.00
# Visual Studio 15
VisualStudioVersion = 15.0.27703.2047
MinimumVisualStudioVersion = 10.0.40219.1
Project("{FAE04EC0-301F-11D3-BF4B-00C04F79EFBC}") = "LiftOff", "LiftOff\LiftOff.csproj", "{1FB5D6CB-A29A-4CE6-8B11-EBFA4D7177D5}"
EndProject
Global
	GlobalSection(SolutionConfigurationPlatforms) = preSolution
		Debug|Any CPU = Debug|Any CPU
		Release|Any CPU = Release|Any CPU
	EndGlobalSection
	GlobalSection(ProjectConfigurationPlatforms) = postSolution
		{1FB5D6CB-A29A-4CE6-8B11-EBFA4D7177D5}.Debug|Any CPU.ActiveCfg = Debug|Any CPU
		{1FB5D6CB-A29A-4CE6-8B11-EBFA4D7177D5}.Debug|Any CPU.Build.0 = Debug|Any CPU
		{1FB5D6CB-A29A-4CE6-8B11-EBFA4D7177D5}.Release|Any CPU.ActiveCfg = Release|Any CPU
		{1FB5D6CB-A29A-4CE6-8B11-EBFA4D7177D5}.Release|Any CPU.Build.0 = Release|Any CPU
	EndGlobalSection
	GlobalSection(SolutionProperties) = preSolution
		HideSolutionNode = FALSE
	EndGlobalSection
	GlobalSection(ExtensibilityGlobals) = postSolution
		SolutionGuid = {554BBF59-3D2D-46E6-8EB7-E0A74D5EF2F2}
	EndGlobalSection
EndGlobal
